// !$*UTF8*$!
{
	archiveVersion = 1;
	classes = {
	};
	objectVersion = 56;
	objects = {

/* Begin PBXBuildFile section */
		36ACF5F92BA3339800BDE60A /* BuilderTabBarCoctail.swift in Sources */ = {isa = PBXBuildFile; fileRef = 36ACF5F82BA3339800BDE60A /* BuilderTabBarCoctail.swift */; };
		36ACF5FB2BA333FF00BDE60A /* CoctailTabBarController.swift in Sources */ = {isa = PBXBuildFile; fileRef = 36ACF5FA2BA333FF00BDE60A /* CoctailTabBarController.swift */; };
		36ACF5FE2BA334D900BDE60A /* RouterMainVC.swift in Sources */ = {isa = PBXBuildFile; fileRef = 36ACF5FD2BA334D900BDE60A /* RouterMainVC.swift */; };
		36ACF6002BA3364100BDE60A /* FavoritiesViewController.swift in Sources */ = {isa = PBXBuildFile; fileRef = 36ACF5FF2BA3364100BDE60A /* FavoritiesViewController.swift */; };
		36ACF6022BA3366100BDE60A /* BuilderFavoritiesFlow.swift in Sources */ = {isa = PBXBuildFile; fileRef = 36ACF6012BA3366100BDE60A /* BuilderFavoritiesFlow.swift */; };
		36ACF6042BA3367500BDE60A /* RouterFavoritiesVC.swift in Sources */ = {isa = PBXBuildFile; fileRef = 36ACF6032BA3367500BDE60A /* RouterFavoritiesVC.swift */; };
		36ACF6072BA340E200BDE60A /* CoctailsSave.xcdatamodeld in Sources */ = {isa = PBXBuildFile; fileRef = 36ACF6052BA340E200BDE60A /* CoctailsSave.xcdatamodeld */; };
		36ACF6092BA341B200BDE60A /* StoreManager.swift in Sources */ = {isa = PBXBuildFile; fileRef = 36ACF6082BA341B200BDE60A /* StoreManager.swift */; };
		36E7A7B02B9F43580073E6B4 /* AppDelegate.swift in Sources */ = {isa = PBXBuildFile; fileRef = 36E7A7AF2B9F43580073E6B4 /* AppDelegate.swift */; };
		36E7A7B22B9F43580073E6B4 /* SceneDelegate.swift in Sources */ = {isa = PBXBuildFile; fileRef = 36E7A7B12B9F43580073E6B4 /* SceneDelegate.swift */; };
		36E7A7B42B9F43580073E6B4 /* MainViewController.swift in Sources */ = {isa = PBXBuildFile; fileRef = 36E7A7B32B9F43580073E6B4 /* MainViewController.swift */; };
		36E7A7B92B9F43650073E6B4 /* Assets.xcassets in Resources */ = {isa = PBXBuildFile; fileRef = 36E7A7B82B9F43650073E6B4 /* Assets.xcassets */; };
		36E7A7BC2B9F43650073E6B4 /* LaunchScreen.storyboard in Resources */ = {isa = PBXBuildFile; fileRef = 36E7A7BA2B9F43650073E6B4 /* LaunchScreen.storyboard */; };
		36E7A7C62B9F4DCC0073E6B4 /* CoctailModel.swift in Sources */ = {isa = PBXBuildFile; fileRef = 36E7A7C52B9F4DCC0073E6B4 /* CoctailModel.swift */; };
		36E7A7CC2B9F50500073E6B4 /* MainViewModel.swift in Sources */ = {isa = PBXBuildFile; fileRef = 36E7A7CB2B9F50500073E6B4 /* MainViewModel.swift */; };
		36E7A7D02B9F519A0073E6B4 /* NetworkError.swift in Sources */ = {isa = PBXBuildFile; fileRef = 36E7A7CF2B9F519A0073E6B4 /* NetworkError.swift */; };
		36E7A7D22B9F52100073E6B4 /* CoctailRequestProtocol.swift in Sources */ = {isa = PBXBuildFile; fileRef = 36E7A7D12B9F52100073E6B4 /* CoctailRequestProtocol.swift */; };
		36E7A7D52B9F52440073E6B4 /* CoctailRequest.swift in Sources */ = {isa = PBXBuildFile; fileRef = 36E7A7D42B9F52440073E6B4 /* CoctailRequest.swift */; };
		36E7A7D72B9F55110073E6B4 /* NetworkManager.swift in Sources */ = {isa = PBXBuildFile; fileRef = 36E7A7D62B9F55110073E6B4 /* NetworkManager.swift */; };
		36E7A7DB2B9F5D5D0073E6B4 /* CoctailSearchController.swift in Sources */ = {isa = PBXBuildFile; fileRef = 36E7A7DA2B9F5D5D0073E6B4 /* CoctailSearchController.swift */; };
		36E7A7DD2B9F72130073E6B4 /* IngridiensModel.swift in Sources */ = {isa = PBXBuildFile; fileRef = 36E7A7DC2B9F72130073E6B4 /* IngridiensModel.swift */; };
		36E7A7DF2B9F74DF0073E6B4 /* ListSectionModel.swift in Sources */ = {isa = PBXBuildFile; fileRef = 36E7A7DE2B9F74DF0073E6B4 /* ListSectionModel.swift */; };
		36E7A7E22B9F80110073E6B4 /* CompositionLayout.swift in Sources */ = {isa = PBXBuildFile; fileRef = 36E7A7E12B9F80110073E6B4 /* CompositionLayout.swift */; };
		36E7A7E52B9F87280073E6B4 /* IngridientCell.swift in Sources */ = {isa = PBXBuildFile; fileRef = 36E7A7E42B9F87280073E6B4 /* IngridientCell.swift */; };
		36E7A7E72B9F87D40073E6B4 /* UIImageView + ext.swift in Sources */ = {isa = PBXBuildFile; fileRef = 36E7A7E62B9F87D40073E6B4 /* UIImageView + ext.swift */; };
		36E7A7E92B9F88970073E6B4 /* CoctailCell.swift in Sources */ = {isa = PBXBuildFile; fileRef = 36E7A7E82B9F88970073E6B4 /* CoctailCell.swift */; };
		36E7A7EC2BA057830073E6B4 /* HeaderView.swift in Sources */ = {isa = PBXBuildFile; fileRef = 36E7A7EB2BA057820073E6B4 /* HeaderView.swift */; };
		36E7A7F02BA1AEEF0073E6B4 /* BuilderMainFlow.swift in Sources */ = {isa = PBXBuildFile; fileRef = 36E7A7EF2BA1AEEF0073E6B4 /* BuilderMainFlow.swift */; };
/* End PBXBuildFile section */

/* Begin PBXFileReference section */
		36ACF5F82BA3339800BDE60A /* BuilderTabBarCoctail.swift */ = {isa = PBXFileReference; lastKnownFileType = sourcecode.swift; path = BuilderTabBarCoctail.swift; sourceTree = "<group>"; };
		36ACF5FA2BA333FF00BDE60A /* CoctailTabBarController.swift */ = {isa = PBXFileReference; lastKnownFileType = sourcecode.swift; path = CoctailTabBarController.swift; sourceTree = "<group>"; };
		36ACF5FD2BA334D900BDE60A /* RouterMainVC.swift */ = {isa = PBXFileReference; lastKnownFileType = sourcecode.swift; path = RouterMainVC.swift; sourceTree = "<group>"; };
		36ACF5FF2BA3364100BDE60A /* FavoritiesViewController.swift */ = {isa = PBXFileReference; lastKnownFileType = sourcecode.swift; path = FavoritiesViewController.swift; sourceTree = "<group>"; };
		36ACF6012BA3366100BDE60A /* BuilderFavoritiesFlow.swift */ = {isa = PBXFileReference; lastKnownFileType = sourcecode.swift; path = BuilderFavoritiesFlow.swift; sourceTree = "<group>"; };
		36ACF6032BA3367500BDE60A /* RouterFavoritiesVC.swift */ = {isa = PBXFileReference; lastKnownFileType = sourcecode.swift; path = RouterFavoritiesVC.swift; sourceTree = "<group>"; };
		36ACF6062BA340E200BDE60A /* CoctailsSave.xcdatamodel */ = {isa = PBXFileReference; lastKnownFileType = wrapper.xcdatamodel; path = CoctailsSave.xcdatamodel; sourceTree = "<group>"; };
		36ACF6082BA341B200BDE60A /* StoreManager.swift */ = {isa = PBXFileReference; lastKnownFileType = sourcecode.swift; path = StoreManager.swift; sourceTree = "<group>"; };
		36E7A7AC2B9F43580073E6B4 /* CoctailMenu.app */ = {isa = PBXFileReference; explicitFileType = wrapper.application; includeInIndex = 0; path = CoctailMenu.app; sourceTree = BUILT_PRODUCTS_DIR; };
		36E7A7AF2B9F43580073E6B4 /* AppDelegate.swift */ = {isa = PBXFileReference; lastKnownFileType = sourcecode.swift; path = AppDelegate.swift; sourceTree = "<group>"; };
		36E7A7B12B9F43580073E6B4 /* SceneDelegate.swift */ = {isa = PBXFileReference; lastKnownFileType = sourcecode.swift; path = SceneDelegate.swift; sourceTree = "<group>"; };
		36E7A7B32B9F43580073E6B4 /* MainViewController.swift */ = {isa = PBXFileReference; lastKnownFileType = sourcecode.swift; path = MainViewController.swift; sourceTree = "<group>"; };
		36E7A7B82B9F43650073E6B4 /* Assets.xcassets */ = {isa = PBXFileReference; lastKnownFileType = folder.assetcatalog; path = Assets.xcassets; sourceTree = "<group>"; };
		36E7A7BB2B9F43650073E6B4 /* Base */ = {isa = PBXFileReference; lastKnownFileType = file.storyboard; name = Base; path = Base.lproj/LaunchScreen.storyboard; sourceTree = "<group>"; };
		36E7A7BD2B9F43650073E6B4 /* Info.plist */ = {isa = PBXFileReference; lastKnownFileType = text.plist.xml; path = Info.plist; sourceTree = "<group>"; };
		36E7A7C52B9F4DCC0073E6B4 /* CoctailModel.swift */ = {isa = PBXFileReference; lastKnownFileType = sourcecode.swift; path = CoctailModel.swift; sourceTree = "<group>"; };
		36E7A7CB2B9F50500073E6B4 /* MainViewModel.swift */ = {isa = PBXFileReference; lastKnownFileType = sourcecode.swift; path = MainViewModel.swift; sourceTree = "<group>"; };
		36E7A7CF2B9F519A0073E6B4 /* NetworkError.swift */ = {isa = PBXFileReference; lastKnownFileType = sourcecode.swift; path = NetworkError.swift; sourceTree = "<group>"; };
		36E7A7D12B9F52100073E6B4 /* CoctailRequestProtocol.swift */ = {isa = PBXFileReference; lastKnownFileType = sourcecode.swift; path = CoctailRequestProtocol.swift; sourceTree = "<group>"; };
		36E7A7D42B9F52440073E6B4 /* CoctailRequest.swift */ = {isa = PBXFileReference; lastKnownFileType = sourcecode.swift; path = CoctailRequest.swift; sourceTree = "<group>"; };
		36E7A7D62B9F55110073E6B4 /* NetworkManager.swift */ = {isa = PBXFileReference; lastKnownFileType = sourcecode.swift; path = NetworkManager.swift; sourceTree = "<group>"; };
		36E7A7DA2B9F5D5D0073E6B4 /* CoctailSearchController.swift */ = {isa = PBXFileReference; lastKnownFileType = sourcecode.swift; path = CoctailSearchController.swift; sourceTree = "<group>"; };
		36E7A7DC2B9F72130073E6B4 /* IngridiensModel.swift */ = {isa = PBXFileReference; lastKnownFileType = sourcecode.swift; path = IngridiensModel.swift; sourceTree = "<group>"; };
		36E7A7DE2B9F74DF0073E6B4 /* ListSectionModel.swift */ = {isa = PBXFileReference; lastKnownFileType = sourcecode.swift; path = ListSectionModel.swift; sourceTree = "<group>"; };
		36E7A7E12B9F80110073E6B4 /* CompositionLayout.swift */ = {isa = PBXFileReference; lastKnownFileType = sourcecode.swift; path = CompositionLayout.swift; sourceTree = "<group>"; };
		36E7A7E42B9F87280073E6B4 /* IngridientCell.swift */ = {isa = PBXFileReference; lastKnownFileType = sourcecode.swift; path = IngridientCell.swift; sourceTree = "<group>"; };
		36E7A7E62B9F87D40073E6B4 /* UIImageView + ext.swift */ = {isa = PBXFileReference; lastKnownFileType = sourcecode.swift; path = "UIImageView + ext.swift"; sourceTree = "<group>"; };
		36E7A7E82B9F88970073E6B4 /* CoctailCell.swift */ = {isa = PBXFileReference; lastKnownFileType = sourcecode.swift; path = CoctailCell.swift; sourceTree = "<group>"; };
		36E7A7EB2BA057820073E6B4 /* HeaderView.swift */ = {isa = PBXFileReference; lastKnownFileType = sourcecode.swift; path = HeaderView.swift; sourceTree = "<group>"; };
		36E7A7EF2BA1AEEF0073E6B4 /* BuilderMainFlow.swift */ = {isa = PBXFileReference; lastKnownFileType = sourcecode.swift; path = BuilderMainFlow.swift; sourceTree = "<group>"; };
/* End PBXFileReference section */

/* Begin PBXFrameworksBuildPhase section */
		36E7A7A92B9F43580073E6B4 /* Frameworks */ = {
			isa = PBXFrameworksBuildPhase;
			buildActionMask = 2147483647;
			files = (
			);
			runOnlyForDeploymentPostprocessing = 0;
		};
/* End PBXFrameworksBuildPhase section */

/* Begin PBXGroup section */
		36ACF5FC2BA334C200BDE60A /* Routers */ = {
			isa = PBXGroup;
			children = (
				36ACF5FD2BA334D900BDE60A /* RouterMainVC.swift */,
				36ACF6032BA3367500BDE60A /* RouterFavoritiesVC.swift */,
			);
			path = Routers;
			sourceTree = "<group>";
		};
		36E7A7A32B9F43570073E6B4 = {
			isa = PBXGroup;
			children = (
				36E7A7AE2B9F43580073E6B4 /* CoctailMenu */,
				36E7A7AD2B9F43580073E6B4 /* Products */,
			);
			sourceTree = "<group>";
		};
		36E7A7AD2B9F43580073E6B4 /* Products */ = {
			isa = PBXGroup;
			children = (
				36E7A7AC2B9F43580073E6B4 /* CoctailMenu.app */,
			);
			name = Products;
			sourceTree = "<group>";
		};
		36E7A7AE2B9F43580073E6B4 /* CoctailMenu */ = {
			isa = PBXGroup;
			children = (
				36ACF5FC2BA334C200BDE60A /* Routers */,
				36E7A7EE2BA1AE940073E6B4 /* Builders */,
				36E7A7E02B9F7FEB0073E6B4 /* Helpers */,
				36E7A7CD2B9F506A0073E6B4 /* Services */,
				36E7A7CA2B9F503D0073E6B4 /* ViewModels */,
				36E7A7C92B9F4F1A0073E6B4 /* Views */,
				36E7A7C42B9F4DB20073E6B4 /* Models */,
				36E7A7AF2B9F43580073E6B4 /* AppDelegate.swift */,
				36E7A7B12B9F43580073E6B4 /* SceneDelegate.swift */,
				36E7A7B82B9F43650073E6B4 /* Assets.xcassets */,
				36E7A7BA2B9F43650073E6B4 /* LaunchScreen.storyboard */,
				36E7A7BD2B9F43650073E6B4 /* Info.plist */,
			);
			path = CoctailMenu;
			sourceTree = "<group>";
		};
		36E7A7C42B9F4DB20073E6B4 /* Models */ = {
			isa = PBXGroup;
			children = (
				36E7A7C52B9F4DCC0073E6B4 /* CoctailModel.swift */,
				36E7A7DC2B9F72130073E6B4 /* IngridiensModel.swift */,
				36E7A7DE2B9F74DF0073E6B4 /* ListSectionModel.swift */,
				36ACF6052BA340E200BDE60A /* CoctailsSave.xcdatamodeld */,
			);
			path = Models;
			sourceTree = "<group>";
		};
		36E7A7C92B9F4F1A0073E6B4 /* Views */ = {
			isa = PBXGroup;
			children = (
				36E7A7ED2BA1AC4B0073E6B4 /* SearchControllers */,
				36E7A7EA2BA057440073E6B4 /* Headers */,
				36E7A7E32B9F87110073E6B4 /* Cells */,
				36E7A7B32B9F43580073E6B4 /* MainViewController.swift */,
				36ACF5FA2BA333FF00BDE60A /* CoctailTabBarController.swift */,
				36ACF5FF2BA3364100BDE60A /* FavoritiesViewController.swift */,
			);
			path = Views;
			sourceTree = "<group>";
		};
		36E7A7CA2B9F503D0073E6B4 /* ViewModels */ = {
			isa = PBXGroup;
			children = (
				36E7A7CB2B9F50500073E6B4 /* MainViewModel.swift */,
			);
			path = ViewModels;
			sourceTree = "<group>";
		};
		36E7A7CD2B9F506A0073E6B4 /* Services */ = {
			isa = PBXGroup;
			children = (
				36E7A7CE2B9F50730073E6B4 /* NetworkLayer */,
				36ACF6082BA341B200BDE60A /* StoreManager.swift */,
			);
			path = Services;
			sourceTree = "<group>";
		};
		36E7A7CE2B9F50730073E6B4 /* NetworkLayer */ = {
			isa = PBXGroup;
			children = (
				36E7A7D32B9F52320073E6B4 /* CoctailRequests */,
				36E7A7CF2B9F519A0073E6B4 /* NetworkError.swift */,
				36E7A7D12B9F52100073E6B4 /* CoctailRequestProtocol.swift */,
				36E7A7D62B9F55110073E6B4 /* NetworkManager.swift */,
			);
			path = NetworkLayer;
			sourceTree = "<group>";
		};
		36E7A7D32B9F52320073E6B4 /* CoctailRequests */ = {
			isa = PBXGroup;
			children = (
				36E7A7D42B9F52440073E6B4 /* CoctailRequest.swift */,
			);
			path = CoctailRequests;
			sourceTree = "<group>";
		};
		36E7A7E02B9F7FEB0073E6B4 /* Helpers */ = {
			isa = PBXGroup;
			children = (
				36E7A7E12B9F80110073E6B4 /* CompositionLayout.swift */,
				36E7A7E62B9F87D40073E6B4 /* UIImageView + ext.swift */,
			);
			path = Helpers;
			sourceTree = "<group>";
		};
		36E7A7E32B9F87110073E6B4 /* Cells */ = {
			isa = PBXGroup;
			children = (
				36E7A7E42B9F87280073E6B4 /* IngridientCell.swift */,
				36E7A7E82B9F88970073E6B4 /* CoctailCell.swift */,
			);
			path = Cells;
			sourceTree = "<group>";
		};
		36E7A7EA2BA057440073E6B4 /* Headers */ = {
			isa = PBXGroup;
			children = (
				36E7A7EB2BA057820073E6B4 /* HeaderView.swift */,
			);
			path = Headers;
			sourceTree = "<group>";
		};
		36E7A7ED2BA1AC4B0073E6B4 /* SearchControllers */ = {
			isa = PBXGroup;
			children = (
				36E7A7DA2B9F5D5D0073E6B4 /* CoctailSearchController.swift */,
			);
			path = SearchControllers;
			sourceTree = "<group>";
		};
		36E7A7EE2BA1AE940073E6B4 /* Builders */ = {
			isa = PBXGroup;
			children = (
				36ACF5F82BA3339800BDE60A /* BuilderTabBarCoctail.swift */,
				36E7A7EF2BA1AEEF0073E6B4 /* BuilderMainFlow.swift */,
				36ACF6012BA3366100BDE60A /* BuilderFavoritiesFlow.swift */,
			);
			path = Builders;
			sourceTree = "<group>";
		};
/* End PBXGroup section */

/* Begin PBXNativeTarget section */
		36E7A7AB2B9F43580073E6B4 /* CoctailMenu */ = {
			isa = PBXNativeTarget;
			buildConfigurationList = 36E7A7C02B9F43650073E6B4 /* Build configuration list for PBXNativeTarget "CoctailMenu" */;
			buildPhases = (
				36E7A7A82B9F43580073E6B4 /* Sources */,
				36E7A7A92B9F43580073E6B4 /* Frameworks */,
				36E7A7AA2B9F43580073E6B4 /* Resources */,
			);
			buildRules = (
			);
			dependencies = (
			);
			name = CoctailMenu;
			productName = CoctailMenu;
			productReference = 36E7A7AC2B9F43580073E6B4 /* CoctailMenu.app */;
			productType = "com.apple.product-type.application";
		};
/* End PBXNativeTarget section */

/* Begin PBXProject section */
		36E7A7A42B9F43570073E6B4 /* Project object */ = {
			isa = PBXProject;
			attributes = {
				BuildIndependentTargetsInParallel = 1;
				LastSwiftUpdateCheck = 1500;
				LastUpgradeCheck = 1500;
				TargetAttributes = {
					36E7A7AB2B9F43580073E6B4 = {
						CreatedOnToolsVersion = 15.0.1;
					};
				};
			};
			buildConfigurationList = 36E7A7A72B9F43570073E6B4 /* Build configuration list for PBXProject "CoctailMenu" */;
			compatibilityVersion = "Xcode 14.0";
			developmentRegion = en;
			hasScannedForEncodings = 0;
			knownRegions = (
				en,
				Base,
			);
			mainGroup = 36E7A7A32B9F43570073E6B4;
			productRefGroup = 36E7A7AD2B9F43580073E6B4 /* Products */;
			projectDirPath = "";
			projectRoot = "";
			targets = (
				36E7A7AB2B9F43580073E6B4 /* CoctailMenu */,
			);
		};
/* End PBXProject section */

/* Begin PBXResourcesBuildPhase section */
		36E7A7AA2B9F43580073E6B4 /* Resources */ = {
			isa = PBXResourcesBuildPhase;
			buildActionMask = 2147483647;
			files = (
				36E7A7BC2B9F43650073E6B4 /* LaunchScreen.storyboard in Resources */,
				36E7A7B92B9F43650073E6B4 /* Assets.xcassets in Resources */,
			);
			runOnlyForDeploymentPostprocessing = 0;
		};
/* End PBXResourcesBuildPhase section */

/* Begin PBXSourcesBuildPhase section */
		36E7A7A82B9F43580073E6B4 /* Sources */ = {
			isa = PBXSourcesBuildPhase;
			buildActionMask = 2147483647;
			files = (
				36E7A7E52B9F87280073E6B4 /* IngridientCell.swift in Sources */,
				36E7A7C62B9F4DCC0073E6B4 /* CoctailModel.swift in Sources */,
				36E7A7D22B9F52100073E6B4 /* CoctailRequestProtocol.swift in Sources */,
				36ACF5F92BA3339800BDE60A /* BuilderTabBarCoctail.swift in Sources */,
				36E7A7DB2B9F5D5D0073E6B4 /* CoctailSearchController.swift in Sources */,
				36E7A7E22B9F80110073E6B4 /* CompositionLayout.swift in Sources */,
				36ACF6002BA3364100BDE60A /* FavoritiesViewController.swift in Sources */,
				36E7A7D72B9F55110073E6B4 /* NetworkManager.swift in Sources */,
				36ACF5FB2BA333FF00BDE60A /* CoctailTabBarController.swift in Sources */,
				36E7A7EC2BA057830073E6B4 /* HeaderView.swift in Sources */,
				36E7A7D02B9F519A0073E6B4 /* NetworkError.swift in Sources */,
				36ACF6092BA341B200BDE60A /* StoreManager.swift in Sources */,
				36E7A7F02BA1AEEF0073E6B4 /* BuilderMainFlow.swift in Sources */,
				36E7A7DF2B9F74DF0073E6B4 /* ListSectionModel.swift in Sources */,
				36ACF6072BA340E200BDE60A /* CoctailsSave.xcdatamodeld in Sources */,
				36E7A7DD2B9F72130073E6B4 /* IngridiensModel.swift in Sources */,
				36E7A7B42B9F43580073E6B4 /* MainViewController.swift in Sources */,
				36E7A7B02B9F43580073E6B4 /* AppDelegate.swift in Sources */,
				36E7A7E92B9F88970073E6B4 /* CoctailCell.swift in Sources */,
				36ACF6042BA3367500BDE60A /* RouterFavoritiesVC.swift in Sources */,
				36E7A7B22B9F43580073E6B4 /* SceneDelegate.swift in Sources */,
				36E7A7D52B9F52440073E6B4 /* CoctailRequest.swift in Sources */,
				36ACF6022BA3366100BDE60A /* BuilderFavoritiesFlow.swift in Sources */,
				36ACF5FE2BA334D900BDE60A /* RouterMainVC.swift in Sources */,
				36E7A7CC2B9F50500073E6B4 /* MainViewModel.swift in Sources */,
				36E7A7E72B9F87D40073E6B4 /* UIImageView + ext.swift in Sources */,
			);
			runOnlyForDeploymentPostprocessing = 0;
		};
/* End PBXSourcesBuildPhase section */

/* Begin PBXVariantGroup section */
		36E7A7BA2B9F43650073E6B4 /* LaunchScreen.storyboard */ = {
			isa = PBXVariantGroup;
			children = (
				36E7A7BB2B9F43650073E6B4 /* Base */,
			);
			name = LaunchScreen.storyboard;
			sourceTree = "<group>";
		};
/* End PBXVariantGroup section */

/* Begin XCBuildConfiguration section */
		36E7A7BE2B9F43650073E6B4 /* Debug */ = {
			isa = XCBuildConfiguration;
			buildSettings = {
				ALWAYS_SEARCH_USER_PATHS = NO;
				ASSETCATALOG_COMPILER_GENERATE_SWIFT_ASSET_SYMBOL_EXTENSIONS = YES;
				CLANG_ANALYZER_NONNULL = YES;
				CLANG_ANALYZER_NUMBER_OBJECT_CONVERSION = YES_AGGRESSIVE;
				CLANG_CXX_LANGUAGE_STANDARD = "gnu++20";
				CLANG_ENABLE_MODULES = YES;
				CLANG_ENABLE_OBJC_ARC = YES;
				CLANG_ENABLE_OBJC_WEAK = YES;
				CLANG_WARN_BLOCK_CAPTURE_AUTORELEASING = YES;
				CLANG_WARN_BOOL_CONVERSION = YES;
				CLANG_WARN_COMMA = YES;
				CLANG_WARN_CONSTANT_CONVERSION = YES;
				CLANG_WARN_DEPRECATED_OBJC_IMPLEMENTATIONS = YES;
				CLANG_WARN_DIRECT_OBJC_ISA_USAGE = YES_ERROR;
				CLANG_WARN_DOCUMENTATION_COMMENTS = YES;
				CLANG_WARN_EMPTY_BODY = YES;
				CLANG_WARN_ENUM_CONVERSION = YES;
				CLANG_WARN_INFINITE_RECURSION = YES;
				CLANG_WARN_INT_CONVERSION = YES;
				CLANG_WARN_NON_LITERAL_NULL_CONVERSION = YES;
				CLANG_WARN_OBJC_IMPLICIT_RETAIN_SELF = YES;
				CLANG_WARN_OBJC_LITERAL_CONVERSION = YES;
				CLANG_WARN_OBJC_ROOT_CLASS = YES_ERROR;
				CLANG_WARN_QUOTED_INCLUDE_IN_FRAMEWORK_HEADER = YES;
				CLANG_WARN_RANGE_LOOP_ANALYSIS = YES;
				CLANG_WARN_STRICT_PROTOTYPES = YES;
				CLANG_WARN_SUSPICIOUS_MOVE = YES;
				CLANG_WARN_UNGUARDED_AVAILABILITY = YES_AGGRESSIVE;
				CLANG_WARN_UNREACHABLE_CODE = YES;
				CLANG_WARN__DUPLICATE_METHOD_MATCH = YES;
				COPY_PHASE_STRIP = NO;
				DEBUG_INFORMATION_FORMAT = dwarf;
				ENABLE_STRICT_OBJC_MSGSEND = YES;
				ENABLE_TESTABILITY = YES;
				ENABLE_USER_SCRIPT_SANDBOXING = YES;
				GCC_C_LANGUAGE_STANDARD = gnu17;
				GCC_DYNAMIC_NO_PIC = NO;
				GCC_NO_COMMON_BLOCKS = YES;
				GCC_OPTIMIZATION_LEVEL = 0;
				GCC_PREPROCESSOR_DEFINITIONS = (
					"DEBUG=1",
					"$(inherited)",
				);
				GCC_WARN_64_TO_32_BIT_CONVERSION = YES;
				GCC_WARN_ABOUT_RETURN_TYPE = YES_ERROR;
				GCC_WARN_UNDECLARED_SELECTOR = YES;
				GCC_WARN_UNINITIALIZED_AUTOS = YES_AGGRESSIVE;
				GCC_WARN_UNUSED_FUNCTION = YES;
				GCC_WARN_UNUSED_VARIABLE = YES;
				IPHONEOS_DEPLOYMENT_TARGET = 17.0;
				LOCALIZATION_PREFERS_STRING_CATALOGS = YES;
				MTL_ENABLE_DEBUG_INFO = INCLUDE_SOURCE;
				MTL_FAST_MATH = YES;
				ONLY_ACTIVE_ARCH = YES;
				SDKROOT = iphoneos;
				SWIFT_ACTIVE_COMPILATION_CONDITIONS = "DEBUG $(inherited)";
				SWIFT_OPTIMIZATION_LEVEL = "-Onone";
			};
			name = Debug;
		};
		36E7A7BF2B9F43650073E6B4 /* Release */ = {
			isa = XCBuildConfiguration;
			buildSettings = {
				ALWAYS_SEARCH_USER_PATHS = NO;
				ASSETCATALOG_COMPILER_GENERATE_SWIFT_ASSET_SYMBOL_EXTENSIONS = YES;
				CLANG_ANALYZER_NONNULL = YES;
				CLANG_ANALYZER_NUMBER_OBJECT_CONVERSION = YES_AGGRESSIVE;
				CLANG_CXX_LANGUAGE_STANDARD = "gnu++20";
				CLANG_ENABLE_MODULES = YES;
				CLANG_ENABLE_OBJC_ARC = YES;
				CLANG_ENABLE_OBJC_WEAK = YES;
				CLANG_WARN_BLOCK_CAPTURE_AUTORELEASING = YES;
				CLANG_WARN_BOOL_CONVERSION = YES;
				CLANG_WARN_COMMA = YES;
				CLANG_WARN_CONSTANT_CONVERSION = YES;
				CLANG_WARN_DEPRECATED_OBJC_IMPLEMENTATIONS = YES;
				CLANG_WARN_DIRECT_OBJC_ISA_USAGE = YES_ERROR;
				CLANG_WARN_DOCUMENTATION_COMMENTS = YES;
				CLANG_WARN_EMPTY_BODY = YES;
				CLANG_WARN_ENUM_CONVERSION = YES;
				CLANG_WARN_INFINITE_RECURSION = YES;
				CLANG_WARN_INT_CONVERSION = YES;
				CLANG_WARN_NON_LITERAL_NULL_CONVERSION = YES;
				CLANG_WARN_OBJC_IMPLICIT_RETAIN_SELF = YES;
				CLANG_WARN_OBJC_LITERAL_CONVERSION = YES;
				CLANG_WARN_OBJC_ROOT_CLASS = YES_ERROR;
				CLANG_WARN_QUOTED_INCLUDE_IN_FRAMEWORK_HEADER = YES;
				CLANG_WARN_RANGE_LOOP_ANALYSIS = YES;
				CLANG_WARN_STRICT_PROTOTYPES = YES;
				CLANG_WARN_SUSPICIOUS_MOVE = YES;
				CLANG_WARN_UNGUARDED_AVAILABILITY = YES_AGGRESSIVE;
				CLANG_WARN_UNREACHABLE_CODE = YES;
				CLANG_WARN__DUPLICATE_METHOD_MATCH = YES;
				COPY_PHASE_STRIP = NO;
				DEBUG_INFORMATION_FORMAT = "dwarf-with-dsym";
				ENABLE_NS_ASSERTIONS = NO;
				ENABLE_STRICT_OBJC_MSGSEND = YES;
				ENABLE_USER_SCRIPT_SANDBOXING = YES;
				GCC_C_LANGUAGE_STANDARD = gnu17;
				GCC_NO_COMMON_BLOCKS = YES;
				GCC_WARN_64_TO_32_BIT_CONVERSION = YES;
				GCC_WARN_ABOUT_RETURN_TYPE = YES_ERROR;
				GCC_WARN_UNDECLARED_SELECTOR = YES;
				GCC_WARN_UNINITIALIZED_AUTOS = YES_AGGRESSIVE;
				GCC_WARN_UNUSED_FUNCTION = YES;
				GCC_WARN_UNUSED_VARIABLE = YES;
				IPHONEOS_DEPLOYMENT_TARGET = 17.0;
				LOCALIZATION_PREFERS_STRING_CATALOGS = YES;
				MTL_ENABLE_DEBUG_INFO = NO;
				MTL_FAST_MATH = YES;
				SDKROOT = iphoneos;
				SWIFT_COMPILATION_MODE = wholemodule;
				VALIDATE_PRODUCT = YES;
			};
			name = Release;
		};
		36E7A7C12B9F43650073E6B4 /* Debug */ = {
			isa = XCBuildConfiguration;
			buildSettings = {
				ASSETCATALOG_COMPILER_APPICON_NAME = AppIcon;
				ASSETCATALOG_COMPILER_GLOBAL_ACCENT_COLOR_NAME = AccentColor;
				CODE_SIGN_STYLE = Automatic;
				CURRENT_PROJECT_VERSION = 1;
				GENERATE_INFOPLIST_FILE = YES;
				INFOPLIST_FILE = CoctailMenu/Info.plist;
				INFOPLIST_KEY_UIApplicationSupportsIndirectInputEvents = YES;
				INFOPLIST_KEY_UILaunchStoryboardName = LaunchScreen;
				INFOPLIST_KEY_UISupportedInterfaceOrientations_iPad = "UIInterfaceOrientationPortrait UIInterfaceOrientationPortraitUpsideDown UIInterfaceOrientationLandscapeLeft UIInterfaceOrientationLandscapeRight";
				INFOPLIST_KEY_UISupportedInterfaceOrientations_iPhone = "UIInterfaceOrientationPortrait UIInterfaceOrientationLandscapeLeft UIInterfaceOrientationLandscapeRight";
				IPHONEOS_DEPLOYMENT_TARGET = 15.0;
				LD_RUNPATH_SEARCH_PATHS = (
					"$(inherited)",
					"@executable_path/Frameworks",
				);
				MARKETING_VERSION = 1.0;
				PRODUCT_BUNDLE_IDENTIFIER = ru.polych.CoctailMenu;
				PRODUCT_NAME = "$(TARGET_NAME)";
				SWIFT_EMIT_LOC_STRINGS = YES;
				SWIFT_VERSION = 5.0;
				TARGETED_DEVICE_FAMILY = "1,2";
			};
			name = Debug;
		};
		36E7A7C22B9F43650073E6B4 /* Release */ = {
			isa = XCBuildConfiguration;
			buildSettings = {
				ASSETCATALOG_COMPILER_APPICON_NAME = AppIcon;
				ASSETCATALOG_COMPILER_GLOBAL_ACCENT_COLOR_NAME = AccentColor;
				CODE_SIGN_STYLE = Automatic;
				CURRENT_PROJECT_VERSION = 1;
				GENERATE_INFOPLIST_FILE = YES;
				INFOPLIST_FILE = CoctailMenu/Info.plist;
				INFOPLIST_KEY_UIApplicationSupportsIndirectInputEvents = YES;
				INFOPLIST_KEY_UILaunchStoryboardName = LaunchScreen;
				INFOPLIST_KEY_UISupportedInterfaceOrientations_iPad = "UIInterfaceOrientationPortrait UIInterfaceOrientationPortraitUpsideDown UIInterfaceOrientationLandscapeLeft UIInterfaceOrientationLandscapeRight";
				INFOPLIST_KEY_UISupportedInterfaceOrientations_iPhone = "UIInterfaceOrientationPortrait UIInterfaceOrientationLandscapeLeft UIInterfaceOrientationLandscapeRight";
				IPHONEOS_DEPLOYMENT_TARGET = 15.0;
				LD_RUNPATH_SEARCH_PATHS = (
					"$(inherited)",
					"@executable_path/Frameworks",
				);
				MARKETING_VERSION = 1.0;
				PRODUCT_BUNDLE_IDENTIFIER = ru.polych.CoctailMenu;
				PRODUCT_NAME = "$(TARGET_NAME)";
				SWIFT_EMIT_LOC_STRINGS = YES;
				SWIFT_VERSION = 5.0;
				TARGETED_DEVICE_FAMILY = "1,2";
			};
			name = Release;
		};
/* End XCBuildConfiguration section */

/* Begin XCConfigurationList section */
		36E7A7A72B9F43570073E6B4 /* Build configuration list for PBXProject "CoctailMenu" */ = {
			isa = XCConfigurationList;
			buildConfigurations = (
				36E7A7BE2B9F43650073E6B4 /* Debug */,
				36E7A7BF2B9F43650073E6B4 /* Release */,
			);
			defaultConfigurationIsVisible = 0;
			defaultConfigurationName = Release;
		};
		36E7A7C02B9F43650073E6B4 /* Build configuration list for PBXNativeTarget "CoctailMenu" */ = {
			isa = XCConfigurationList;
			buildConfigurations = (
				36E7A7C12B9F43650073E6B4 /* Debug */,
				36E7A7C22B9F43650073E6B4 /* Release */,
			);
			defaultConfigurationIsVisible = 0;
			defaultConfigurationName = Release;
		};
/* End XCConfigurationList section */

/* Begin XCVersionGroup section */
		36ACF6052BA340E200BDE60A /* CoctailsSave.xcdatamodeld */ = {
			isa = XCVersionGroup;
			children = (
				36ACF6062BA340E200BDE60A /* CoctailsSave.xcdatamodel */,
			);
			currentVersion = 36ACF6062BA340E200BDE60A /* CoctailsSave.xcdatamodel */;
			path = CoctailsSave.xcdatamodeld;
			sourceTree = "<group>";
			versionGroupType = wrapper.xcdatamodel;
		};
/* End XCVersionGroup section */
	};
	rootObject = 36E7A7A42B9F43570073E6B4 /* Project object */;
}
